{
  "name": "ZoomClone",
  "lockfileVersion": 3,
  "requires": true,
  "packages": {
    "": {
      "dependencies": {
        "react": "^19.2.3",
        "react-frontend": "^1.0.0-security"
      }
    },
    "node_modules/react": {
      "version": "19.2.3",
      "resolved": "https://registry.npmjs.org/react/-/react-19.2.3.tgz",
      "integrity": "sha512-Ku/hhYbVjOQnXDZFv2+RibmLFGwFdeeKHFcOTlrt7xplBnya5OGn/hIRDsqDiSUcfORsDC7MPxwork8jBwsIWA==",
      "license": "MIT",
      "engines": {
        "node": ">=0.10.0"
      }
    },
    "node_modules/react-frontend": {
      "version": "1.0.0-security",
      "resolved": "https://registry.npmjs.org/react-frontend/-/react-frontend-1.0.0-security.tgz",
      "integrity": "sha512-Mi8BtmZUVS/x2Mxf1+lm8PhD/wX//RFckKN9VM0mOZ0VnKe2F9myKRHvyf8Vmb4z7+2ernrmlOi/rOcqEllOGQ=="
    }
  }
}
